
Microsoft Visual Studio Solution File, Format Version 12.00
# Visual Studio Version 17
VisualStudioVersion = 17.7.34031.279
MinimumVisualStudioVersion = 10.0.40219.1
Project("{FAE04EC0-301F-11D3-BF4B-00C04F79EFBC}") = "TestersDictionary", "TestersDictionary\TestersDictionary.csproj", "{B0C55CB0-E6B5-4ECF-A661-85B8498A8337}"
EndProject
Global
	GlobalSection(SolutionConfigurationPlatforms) = preSolution
		Debug|Any CPU = Debug|Any CPU
		Release|Any CPU = Release|Any CPU
	EndGlobalSection
	GlobalSection(ProjectConfigurationPlatforms) = postSolution
		{B0C55CB0-E6B5-4ECF-A661-85B8498A8337}.Debug|Any CPU.ActiveCfg = Debug|Any CPU
		{B0C55CB0-E6B5-4ECF-A661-85B8498A8337}.Debug|Any CPU.Build.0 = Debug|Any CPU
		{B0C55CB0-E6B5-4ECF-A661-85B8498A8337}.Release|Any CPU.ActiveCfg = Release|Any CPU
		{B0C55CB0-E6B5-4ECF-A661-85B8498A8337}.Release|Any CPU.Build.0 = Release|Any CPU
	EndGlobalSection
	GlobalSection(SolutionProperties) = preSolution
		HideSolutionNode = FALSE
	EndGlobalSection
	GlobalSection(ExtensibilityGlobals) = postSolution
		SolutionGuid = {B07F72B9-9AF9-434C-AB3F-71EBD2FF3249}
	EndGlobalSection
EndGlobal
